
Microsoft Visual Studio Solution File, Format Version 12.00
# Visual Studio Version 17
VisualStudioVersion = 17.6.33417.168
MinimumVisualStudioVersion = 10.0.40219.1
Project("{9A19103F-16F7-4668-BE54-9A1E7A4F7556}") = "UP.Web", "UP.Web\UP.Web.csproj", "{16B5529A-ACEE-4087-BEBD-054012D32CDC}"
EndProject
Project("{9A19103F-16F7-4668-BE54-9A1E7A4F7556}") = "UP.BLL", "UP.BLL\UP.BLL.csproj", "{F3DE6BB7-6D4A-4BE6-A638-4C57906DB7D3}"
EndProject
Project("{9A19103F-16F7-4668-BE54-9A1E7A4F7556}") = "UP.DAL", "UP.DAL\UP.DAL.csproj", "{7FD76EB1-68A5-4255-8859-CB97EEBF2088}"
EndProject
Project("{9A19103F-16F7-4668-BE54-9A1E7A4F7556}") = "UP.Domain", "UP.Domain\UP.Domain.csproj", "{8D171E34-3265-4185-8769-944E70BB06FC}"
EndProject
Project("{9A19103F-16F7-4668-BE54-9A1E7A4F7556}") = "UP.DAL.Interfaces", "UP.DAL.Interfaces\UP.DAL.Interfaces.csproj", "{6B162B00-9B40-49F9-A761-E96B80A8329E}"
EndProject
Project("{9A19103F-16F7-4668-BE54-9A1E7A4F7556}") = "UP.DAL.PGSQL", "UP.DAL.PGSQL\UP.DAL.PGSQL.csproj", "{07B4103E-A7E2-4E8F-90B0-BA03AD1FD1D9}"
EndProject
Project("{FAE04EC0-301F-11D3-BF4B-00C04F79EFBC}") = "UP.BLL.Interfaces", "UP.BLL.Interfaces\UP.BLL.Interfaces.csproj", "{8B31DB23-22FC-41BB-A1AA-2BA836620818}"
EndProject
Global
	GlobalSection(SolutionConfigurationPlatforms) = preSolution
		Debug|Any CPU = Debug|Any CPU
		Release|Any CPU = Release|Any CPU
	EndGlobalSection
	GlobalSection(ProjectConfigurationPlatforms) = postSolution
		{16B5529A-ACEE-4087-BEBD-054012D32CDC}.Debug|Any CPU.ActiveCfg = Debug|Any CPU
		{16B5529A-ACEE-4087-BEBD-054012D32CDC}.Debug|Any CPU.Build.0 = Debug|Any CPU
		{16B5529A-ACEE-4087-BEBD-054012D32CDC}.Release|Any CPU.ActiveCfg = Release|Any CPU
		{16B5529A-ACEE-4087-BEBD-054012D32CDC}.Release|Any CPU.Build.0 = Release|Any CPU
		{F3DE6BB7-6D4A-4BE6-A638-4C57906DB7D3}.Debug|Any CPU.ActiveCfg = Debug|Any CPU
		{F3DE6BB7-6D4A-4BE6-A638-4C57906DB7D3}.Debug|Any CPU.Build.0 = Debug|Any CPU
		{F3DE6BB7-6D4A-4BE6-A638-4C57906DB7D3}.Release|Any CPU.ActiveCfg = Release|Any CPU
		{F3DE6BB7-6D4A-4BE6-A638-4C57906DB7D3}.Release|Any CPU.Build.0 = Release|Any CPU
		{7FD76EB1-68A5-4255-8859-CB97EEBF2088}.Debug|Any CPU.ActiveCfg = Debug|Any CPU
		{7FD76EB1-68A5-4255-8859-CB97EEBF2088}.Debug|Any CPU.Build.0 = Debug|Any CPU
		{7FD76EB1-68A5-4255-8859-CB97EEBF2088}.Release|Any CPU.ActiveCfg = Release|Any CPU
		{7FD76EB1-68A5-4255-8859-CB97EEBF2088}.Release|Any CPU.Build.0 = Release|Any CPU
		{8D171E34-3265-4185-8769-944E70BB06FC}.Debug|Any CPU.ActiveCfg = Debug|Any CPU
		{8D171E34-3265-4185-8769-944E70BB06FC}.Debug|Any CPU.Build.0 = Debug|Any CPU
		{8D171E34-3265-4185-8769-944E70BB06FC}.Release|Any CPU.ActiveCfg = Release|Any CPU
		{8D171E34-3265-4185-8769-944E70BB06FC}.Release|Any CPU.Build.0 = Release|Any CPU
		{6B162B00-9B40-49F9-A761-E96B80A8329E}.Debug|Any CPU.ActiveCfg = Debug|Any CPU
		{6B162B00-9B40-49F9-A761-E96B80A8329E}.Debug|Any CPU.Build.0 = Debug|Any CPU
		{6B162B00-9B40-49F9-A761-E96B80A8329E}.Release|Any CPU.ActiveCfg = Release|Any CPU
		{6B162B00-9B40-49F9-A761-E96B80A8329E}.Release|Any CPU.Build.0 = Release|Any CPU
		{07B4103E-A7E2-4E8F-90B0-BA03AD1FD1D9}.Debug|Any CPU.ActiveCfg = Debug|Any CPU
		{07B4103E-A7E2-4E8F-90B0-BA03AD1FD1D9}.Debug|Any CPU.Build.0 = Debug|Any CPU
		{07B4103E-A7E2-4E8F-90B0-BA03AD1FD1D9}.Release|Any CPU.ActiveCfg = Release|Any CPU
		{07B4103E-A7E2-4E8F-90B0-BA03AD1FD1D9}.Release|Any CPU.Build.0 = Release|Any CPU
		{8B31DB23-22FC-41BB-A1AA-2BA836620818}.Debug|Any CPU.ActiveCfg = Debug|Any CPU
		{8B31DB23-22FC-41BB-A1AA-2BA836620818}.Debug|Any CPU.Build.0 = Debug|Any CPU
		{8B31DB23-22FC-41BB-A1AA-2BA836620818}.Release|Any CPU.ActiveCfg = Release|Any CPU
		{8B31DB23-22FC-41BB-A1AA-2BA836620818}.Release|Any CPU.Build.0 = Release|Any CPU
	EndGlobalSection
	GlobalSection(SolutionProperties) = preSolution
		HideSolutionNode = FALSE
	EndGlobalSection
	GlobalSection(ExtensibilityGlobals) = postSolution
		SolutionGuid = {FF22E6E7-7311-42ED-BC73-B7A32F263250}
	EndGlobalSection
EndGlobal
